// !$*UTF8*$!
{
	archiveVersion = 1;
	classes = {
	};
	objectVersion = 51;
	objects = {

/* Begin PBXBuildFile section */
		245114D62637B7EE0018ABA5 /* AppDelegate.m in Sources */ = {isa = PBXBuildFile; fileRef = 245114D52637B7EE0018ABA5 /* AppDelegate.m */; };
		245114DC2637B7EE0018ABA5 /* ViewController.m in Sources */ = {isa = PBXBuildFile; fileRef = 245114DB2637B7EE0018ABA5 /* ViewController.m */; };
		245114E12637B7EF0018ABA5 /* Assets.xcassets in Resources */ = {isa = PBXBuildFile; fileRef = 245114E02637B7EF0018ABA5 /* Assets.xcassets */; };
		245114E42637B7EF0018ABA5 /* LaunchScreen.storyboard in Resources */ = {isa = PBXBuildFile; fileRef = 245114E22637B7EF0018ABA5 /* LaunchScreen.storyboard */; };
		245114E72637B7EF0018ABA5 /* main.m in Sources */ = {isa = PBXBuildFile; fileRef = 245114E62637B7EF0018ABA5 /* main.m */; };
		245115332637C24A0018ABA5 /* BaseViewController.m in Sources */ = {isa = PBXBuildFile; fileRef = 245115312637C24A0018ABA5 /* BaseViewController.m */; };
		DCE34486427D4A2DB4124EBE /* Pods_GYKitDemo.framework in Frameworks */ = {isa = PBXBuildFile; fileRef = B873975F1B992C4C651BC0A6 /* Pods_GYKitDemo.framework */; };
/* End PBXBuildFile section */

/* Begin PBXFileReference section */
		1FE97CE6F42DE4657C7982FC /* Pods-GYKitDemo.release.xcconfig */ = {isa = PBXFileReference; includeInIndex = 1; lastKnownFileType = text.xcconfig; name = "Pods-GYKitDemo.release.xcconfig"; path = "Target Support Files/Pods-GYKitDemo/Pods-GYKitDemo.release.xcconfig"; sourceTree = "<group>"; };
		245114D12637B7EE0018ABA5 /* GYKitDemo.app */ = {isa = PBXFileReference; explicitFileType = wrapper.application; includeInIndex = 0; path = GYKitDemo.app; sourceTree = BUILT_PRODUCTS_DIR; };
		245114D42637B7EE0018ABA5 /* AppDelegate.h */ = {isa = PBXFileReference; lastKnownFileType = sourcecode.c.h; path = AppDelegate.h; sourceTree = "<group>"; };
		245114D52637B7EE0018ABA5 /* AppDelegate.m */ = {isa = PBXFileReference; lastKnownFileType = sourcecode.c.objc; path = AppDelegate.m; sourceTree = "<group>"; };
		245114DA2637B7EE0018ABA5 /* ViewController.h */ = {isa = PBXFileReference; lastKnownFileType = sourcecode.c.h; path = ViewController.h; sourceTree = "<group>"; };
		245114DB2637B7EE0018ABA5 /* ViewController.m */ = {isa = PBXFileReference; lastKnownFileType = sourcecode.c.objc; path = ViewController.m; sourceTree = "<group>"; };
		245114E02637B7EF0018ABA5 /* Assets.xcassets */ = {isa = PBXFileReference; lastKnownFileType = folder.assetcatalog; path = Assets.xcassets; sourceTree = "<group>"; };
		245114E32637B7EF0018ABA5 /* Base */ = {isa = PBXFileReference; lastKnownFileType = file.storyboard; name = Base; path = Base.lproj/LaunchScreen.storyboard; sourceTree = "<group>"; };
		245114E52637B7EF0018ABA5 /* Info.plist */ = {isa = PBXFileReference; lastKnownFileType = text.plist.xml; path = Info.plist; sourceTree = "<group>"; };
		245114E62637B7EF0018ABA5 /* main.m */ = {isa = PBXFileReference; lastKnownFileType = sourcecode.c.objc; path = main.m; sourceTree = "<group>"; };
		245115312637C24A0018ABA5 /* BaseViewController.m */ = {isa = PBXFileReference; fileEncoding = 4; lastKnownFileType = sourcecode.c.objc; path = BaseViewController.m; sourceTree = "<group>"; };
		245115322637C24A0018ABA5 /* BaseViewController.h */ = {isa = PBXFileReference; fileEncoding = 4; lastKnownFileType = sourcecode.c.h; path = BaseViewController.h; sourceTree = "<group>"; };
		B538E5CE988858F1CB2B6E9C /* Pods-GYKitDemo.debug.xcconfig */ = {isa = PBXFileReference; includeInIndex = 1; lastKnownFileType = text.xcconfig; name = "Pods-GYKitDemo.debug.xcconfig"; path = "Target Support Files/Pods-GYKitDemo/Pods-GYKitDemo.debug.xcconfig"; sourceTree = "<group>"; };
		B873975F1B992C4C651BC0A6 /* Pods_GYKitDemo.framework */ = {isa = PBXFileReference; explicitFileType = wrapper.framework; includeInIndex = 0; path = Pods_GYKitDemo.framework; sourceTree = BUILT_PRODUCTS_DIR; };
/* End PBXFileReference section */

/* Begin PBXFrameworksBuildPhase section */
		245114CE2637B7EE0018ABA5 /* Frameworks */ = {
			isa = PBXFrameworksBuildPhase;
			buildActionMask = 2147483647;
			files = (
				DCE34486427D4A2DB4124EBE /* Pods_GYKitDemo.framework in Frameworks */,
			);
			runOnlyForDeploymentPostprocessing = 0;
		};
/* End PBXFrameworksBuildPhase section */

/* Begin PBXGroup section */
		245114C82637B7EE0018ABA5 = {
			isa = PBXGroup;
			children = (
				245114D32637B7EE0018ABA5 /* GYKitDemo */,
				245114D22637B7EE0018ABA5 /* Products */,
				4DADEB2EEA1940067CA2A255 /* Pods */,
				D039A23DB23272413DC5F64E /* Frameworks */,
			);
			sourceTree = "<group>";
		};
		245114D22637B7EE0018ABA5 /* Products */ = {
			isa = PBXGroup;
			children = (
				245114D12637B7EE0018ABA5 /* GYKitDemo.app */,
			);
			name = Products;
			sourceTree = "<group>";
		};
		245114D32637B7EE0018ABA5 /* GYKitDemo */ = {
			isa = PBXGroup;
			children = (
				245114D42637B7EE0018ABA5 /* AppDelegate.h */,
				245114D52637B7EE0018ABA5 /* AppDelegate.m */,
				245114DA2637B7EE0018ABA5 /* ViewController.h */,
				245114DB2637B7EE0018ABA5 /* ViewController.m */,
				245115302637C24A0018ABA5 /* BaseModule */,
				245114E02637B7EF0018ABA5 /* Assets.xcassets */,
				245114E22637B7EF0018ABA5 /* LaunchScreen.storyboard */,
				245114E52637B7EF0018ABA5 /* Info.plist */,
				245114E62637B7EF0018ABA5 /* main.m */,
			);
			path = GYKitDemo;
			sourceTree = "<group>";
		};
		245115302637C24A0018ABA5 /* BaseModule */ = {
			isa = PBXGroup;
			children = (
				245115312637C24A0018ABA5 /* BaseViewController.m */,
				245115322637C24A0018ABA5 /* BaseViewController.h */,
			);
			path = BaseModule;
			sourceTree = "<group>";
		};
		4DADEB2EEA1940067CA2A255 /* Pods */ = {
			isa = PBXGroup;
			children = (
				B538E5CE988858F1CB2B6E9C /* Pods-GYKitDemo.debug.xcconfig */,
				1FE97CE6F42DE4657C7982FC /* Pods-GYKitDemo.release.xcconfig */,
			);
			path = Pods;
			sourceTree = "<group>";
		};
		D039A23DB23272413DC5F64E /* Frameworks */ = {
			isa = PBXGroup;
			children = (
				B873975F1B992C4C651BC0A6 /* Pods_GYKitDemo.framework */,
			);
			name = Frameworks;
			sourceTree = "<group>";
		};
/* End PBXGroup section */

/* Begin PBXNativeTarget section */
		245114D02637B7EE0018ABA5 /* GYKitDemo */ = {
			isa = PBXNativeTarget;
			buildConfigurationList = 245114EA2637B7EF0018ABA5 /* Build configuration list for PBXNativeTarget "GYKitDemo" */;
			buildPhases = (
				03F0036DBC0F38AEB39BEF00 /* [CP] Check Pods Manifest.lock */,
				245114CD2637B7EE0018ABA5 /* Sources */,
				245114CE2637B7EE0018ABA5 /* Frameworks */,
				245114CF2637B7EE0018ABA5 /* Resources */,
				D9FF2D080A0DBFC4308DB75F /* [CP] Embed Pods Frameworks */,
			);
			buildRules = (
			);
			dependencies = (
			);
			name = GYKitDemo;
			productName = GYKitDemo;
			productReference = 245114D12637B7EE0018ABA5 /* GYKitDemo.app */;
			productType = "com.apple.product-type.application";
		};
/* End PBXNativeTarget section */

/* Begin PBXProject section */
		245114C92637B7EE0018ABA5 /* Project object */ = {
			isa = PBXProject;
			attributes = {
				LastUpgradeCheck = 1220;
				TargetAttributes = {
					245114D02637B7EE0018ABA5 = {
						CreatedOnToolsVersion = 12.2;
					};
				};
			};
			buildConfigurationList = 245114CC2637B7EE0018ABA5 /* Build configuration list for PBXProject "GYKitDemo" */;
			compatibilityVersion = "Xcode 9.3";
			developmentRegion = en;
			hasScannedForEncodings = 0;
			knownRegions = (
				en,
				Base,
			);
			mainGroup = 245114C82637B7EE0018ABA5;
			productRefGroup = 245114D22637B7EE0018ABA5 /* Products */;
			projectDirPath = "";
			projectRoot = "";
			targets = (
				245114D02637B7EE0018ABA5 /* GYKitDemo */,
			);
		};
/* End PBXProject section */

/* Begin PBXResourcesBuildPhase section */
		245114CF2637B7EE0018ABA5 /* Resources */ = {
			isa = PBXResourcesBuildPhase;
			buildActionMask = 2147483647;
			files = (
				245114E42637B7EF0018ABA5 /* LaunchScreen.storyboard in Resources */,
				245114E12637B7EF0018ABA5 /* Assets.xcassets in Resources */,
			);
			runOnlyForDeploymentPostprocessing = 0;
		};
/* End PBXResourcesBuildPhase section */

/* Begin PBXShellScriptBuildPhase section */
		03F0036DBC0F38AEB39BEF00 /* [CP] Check Pods Manifest.lock */ = {
			isa = PBXShellScriptBuildPhase;
			buildActionMask = 2147483647;
			files = (
			);
			inputFileListPaths = (
			);
			inputPaths = (
				"${PODS_PODFILE_DIR_PATH}/Podfile.lock",
				"${PODS_ROOT}/Manifest.lock",
			);
			name = "[CP] Check Pods Manifest.lock";
			outputFileListPaths = (
			);
			outputPaths = (
				"$(DERIVED_FILE_DIR)/Pods-GYKitDemo-checkManifestLockResult.txt",
			);
			runOnlyForDeploymentPostprocessing = 0;
			shellPath = /bin/sh;
			shellScript = "diff \"${PODS_PODFILE_DIR_PATH}/Podfile.lock\" \"${PODS_ROOT}/Manifest.lock\" > /dev/null\nif [ $? != 0 ] ; then\n    # print error to STDERR\n    echo \"error: The sandbox is not in sync with the Podfile.lock. Run 'pod install' or update your CocoaPods installation.\" >&2\n    exit 1\nfi\n# This output is used by Xcode 'outputs' to avoid re-running this script phase.\necho \"SUCCESS\" > \"${SCRIPT_OUTPUT_FILE_0}\"\n";
			showEnvVarsInLog = 0;
		};
		D9FF2D080A0DBFC4308DB75F /* [CP] Embed Pods Frameworks */ = {
			isa = PBXShellScriptBuildPhase;
			buildActionMask = 2147483647;
			files = (
			);
			inputFileListPaths = (
				"${PODS_ROOT}/Target Support Files/Pods-GYKitDemo/Pods-GYKitDemo-frameworks-${CONFIGURATION}-input-files.xcfilelist",
			);
			name = "[CP] Embed Pods Frameworks";
			outputFileListPaths = (
				"${PODS_ROOT}/Target Support Files/Pods-GYKitDemo/Pods-GYKitDemo-frameworks-${CONFIGURATION}-output-files.xcfilelist",
			);
			runOnlyForDeploymentPostprocessing = 0;
			shellPath = /bin/sh;
			shellScript = "\"${PODS_ROOT}/Target Support Files/Pods-GYKitDemo/Pods-GYKitDemo-frameworks.sh\"\n";
			showEnvVarsInLog = 0;
		};
/* End PBXShellScriptBuildPhase section */

/* Begin PBXSourcesBuildPhase section */
		245114CD2637B7EE0018ABA5 /* Sources */ = {
			isa = PBXSourcesBuildPhase;
			buildActionMask = 2147483647;
			files = (
				245114DC2637B7EE0018ABA5 /* ViewController.m in Sources */,
				245115332637C24A0018ABA5 /* BaseViewController.m in Sources */,
				245114D62637B7EE0018ABA5 /* AppDelegate.m in Sources */,
				245114E72637B7EF0018ABA5 /* main.m in Sources */,
			);
			runOnlyForDeploymentPostprocessing = 0;
		};
/* End PBXSourcesBuildPhase section */

/* Begin PBXVariantGroup section */
		245114E22637B7EF0018ABA5 /* LaunchScreen.storyboard */ = {
			isa = PBXVariantGroup;
			children = (
				245114E32637B7EF0018ABA5 /* Base */,
			);
			name = LaunchScreen.storyboard;
			sourceTree = "<group>";
		};
/* End PBXVariantGroup section */

/* Begin XCBuildConfiguration section */
		245114E82637B7EF0018ABA5 /* Debug */ = {
			isa = XCBuildConfiguration;
			buildSettings = {
				ALWAYS_SEARCH_USER_PATHS = NO;
				CLANG_ANALYZER_NONNULL = YES;
				CLANG_ANALYZER_NUMBER_OBJECT_CONVERSION = YES_AGGRESSIVE;
				CLANG_CXX_LANGUAGE_STANDARD = "gnu++14";
				CLANG_CXX_LIBRARY = "libc++";
				CLANG_ENABLE_MODULES = YES;
				CLANG_ENABLE_OBJC_ARC = YES;
				CLANG_ENABLE_OBJC_WEAK = YES;
				CLANG_WARN_BLOCK_CAPTURE_AUTORELEASING = YES;
				CLANG_WARN_BOOL_CONVERSION = YES;
				CLANG_WARN_COMMA = YES;
				CLANG_WARN_CONSTANT_CONVERSION = YES;
				CLANG_WARN_DEPRECATED_OBJC_IMPLEMENTATIONS = YES;
				CLANG_WARN_DIRECT_OBJC_ISA_USAGE = YES_ERROR;
				CLANG_WARN_DOCUMENTATION_COMMENTS = YES;
				CLANG_WARN_EMPTY_BODY = YES;
				CLANG_WARN_ENUM_CONVERSION = YES;
				CLANG_WARN_INFINITE_RECURSION = YES;
				CLANG_WARN_INT_CONVERSION = YES;
				CLANG_WARN_NON_LITERAL_NULL_CONVERSION = YES;
				CLANG_WARN_OBJC_IMPLICIT_RETAIN_SELF = YES;
				CLANG_WARN_OBJC_LITERAL_CONVERSION = YES;
				CLANG_WARN_OBJC_ROOT_CLASS = YES_ERROR;
				CLANG_WARN_QUOTED_INCLUDE_IN_FRAMEWORK_HEADER = YES;
				CLANG_WARN_RANGE_LOOP_ANALYSIS = YES;
				CLANG_WARN_STRICT_PROTOTYPES = YES;
				CLANG_WARN_SUSPICIOUS_MOVE = YES;
				CLANG_WARN_UNGUARDED_AVAILABILITY = YES_AGGRESSIVE;
				CLANG_WARN_UNREACHABLE_CODE = YES;
				CLANG_WARN__DUPLICATE_METHOD_MATCH = YES;
				COPY_PHASE_STRIP = NO;
				DEBUG_INFORMATION_FORMAT = dwarf;
				ENABLE_STRICT_OBJC_MSGSEND = YES;
				ENABLE_TESTABILITY = YES;
				GCC_C_LANGUAGE_STANDARD = gnu11;
				GCC_DYNAMIC_NO_PIC = NO;
				GCC_NO_COMMON_BLOCKS = YES;
				GCC_OPTIMIZATION_LEVEL = 0;
				GCC_PREPROCESSOR_DEFINITIONS = (
					"DEBUG=1",
					"$(inherited)",
				);
				GCC_WARN_64_TO_32_BIT_CONVERSION = YES;
				GCC_WARN_ABOUT_RETURN_TYPE = YES_ERROR;
				GCC_WARN_UNDECLARED_SELECTOR = YES;
				GCC_WARN_UNINITIALIZED_AUTOS = YES_AGGRESSIVE;
				GCC_WARN_UNUSED_FUNCTION = YES;
				GCC_WARN_UNUSED_VARIABLE = YES;
				IPHONEOS_DEPLOYMENT_TARGET = 14.2;
				MTL_ENABLE_DEBUG_INFO = INCLUDE_SOURCE;
				MTL_FAST_MATH = YES;
				ONLY_ACTIVE_ARCH = YES;
				SDKROOT = iphoneos;
			};
			name = Debug;
		};
		245114E92637B7EF0018ABA5 /* Release */ = {
			isa = XCBuildConfiguration;
			buildSettings = {
				ALWAYS_SEARCH_USER_PATHS = NO;
				CLANG_ANALYZER_NONNULL = YES;
				CLANG_ANALYZER_NUMBER_OBJECT_CONVERSION = YES_AGGRESSIVE;
				CLANG_CXX_LANGUAGE_STANDARD = "gnu++14";
				CLANG_CXX_LIBRARY = "libc++";
				CLANG_ENABLE_MODULES = YES;
				CLANG_ENABLE_OBJC_ARC = YES;
				CLANG_ENABLE_OBJC_WEAK = YES;
				CLANG_WARN_BLOCK_CAPTURE_AUTORELEASING = YES;
				CLANG_WARN_BOOL_CONVERSION = YES;
				CLANG_WARN_COMMA = YES;
				CLANG_WARN_CONSTANT_CONVERSION = YES;
				CLANG_WARN_DEPRECATED_OBJC_IMPLEMENTATIONS = YES;
				CLANG_WARN_DIRECT_OBJC_ISA_USAGE = YES_ERROR;
				CLANG_WARN_DOCUMENTATION_COMMENTS = YES;
				CLANG_WARN_EMPTY_BODY = YES;
				CLANG_WARN_ENUM_CONVERSION = YES;
				CLANG_WARN_INFINITE_RECURSION = YES;
				CLANG_WARN_INT_CONVERSION = YES;
				CLANG_WARN_NON_LITERAL_NULL_CONVERSION = YES;
				CLANG_WARN_OBJC_IMPLICIT_RETAIN_SELF = YES;
				CLANG_WARN_OBJC_LITERAL_CONVERSION = YES;
				CLANG_WARN_OBJC_ROOT_CLASS = YES_ERROR;
				CLANG_WARN_QUOTED_INCLUDE_IN_FRAMEWORK_HEADER = YES;
				CLANG_WARN_RANGE_LOOP_ANALYSIS = YES;
				CLANG_WARN_STRICT_PROTOTYPES = YES;
				CLANG_WARN_SUSPICIOUS_MOVE = YES;
				CLANG_WARN_UNGUARDED_AVAILABILITY = YES_AGGRESSIVE;
				CLANG_WARN_UNREACHABLE_CODE = YES;
				CLANG_WARN__DUPLICATE_METHOD_MATCH = YES;
				COPY_PHASE_STRIP = NO;
				DEBUG_INFORMATION_FORMAT = "dwarf-with-dsym";
				ENABLE_NS_ASSERTIONS = NO;
				ENABLE_STRICT_OBJC_MSGSEND = YES;
				GCC_C_LANGUAGE_STANDARD = gnu11;
				GCC_NO_COMMON_BLOCKS = YES;
				GCC_WARN_64_TO_32_BIT_CONVERSION = YES;
				GCC_WARN_ABOUT_RETURN_TYPE = YES_ERROR;
				GCC_WARN_UNDECLARED_SELECTOR = YES;
				GCC_WARN_UNINITIALIZED_AUTOS = YES_AGGRESSIVE;
				GCC_WARN_UNUSED_FUNCTION = YES;
				GCC_WARN_UNUSED_VARIABLE = YES;
				IPHONEOS_DEPLOYMENT_TARGET = 14.2;
				MTL_ENABLE_DEBUG_INFO = NO;
				MTL_FAST_MATH = YES;
				SDKROOT = iphoneos;
				VALIDATE_PRODUCT = YES;
			};
			name = Release;
		};
		245114EB2637B7EF0018ABA5 /* Debug */ = {
			isa = XCBuildConfiguration;
			baseConfigurationReference = B538E5CE988858F1CB2B6E9C /* Pods-GYKitDemo.debug.xcconfig */;
			buildSettings = {
				ASSETCATALOG_COMPILER_APPICON_NAME = AppIcon;
				ASSETCATALOG_COMPILER_GLOBAL_ACCENT_COLOR_NAME = AccentColor;
				CODE_SIGN_STYLE = Automatic;
				DEVELOPMENT_TEAM = NQF3L83WRN;
				INFOPLIST_FILE = GYKitDemo/Info.plist;
				IPHONEOS_DEPLOYMENT_TARGET = 9.0;
				LD_RUNPATH_SEARCH_PATHS = (
					"$(inherited)",
					"@executable_path/Frameworks",
				);
				PRODUCT_BUNDLE_IDENTIFIER = com.OCTestProject.demo.GYKitDemo;
				PRODUCT_NAME = "$(TARGET_NAME)";
				TARGETED_DEVICE_FAMILY = 1;
			};
			name = Debug;
		};
		245114EC2637B7EF0018ABA5 /* Release */ = {
			isa = XCBuildConfiguration;
			baseConfigurationReference = 1FE97CE6F42DE4657C7982FC /* Pods-GYKitDemo.release.xcconfig */;
			buildSettings = {
				ASSETCATALOG_COMPILER_APPICON_NAME = AppIcon;
				ASSETCATALOG_COMPILER_GLOBAL_ACCENT_COLOR_NAME = AccentColor;
				CODE_SIGN_STYLE = Automatic;
				DEVELOPMENT_TEAM = NQF3L83WRN;
				INFOPLIST_FILE = GYKitDemo/Info.plist;
				IPHONEOS_DEPLOYMENT_TARGET = 9.0;
				LD_RUNPATH_SEARCH_PATHS = (
					"$(inherited)",
					"@executable_path/Frameworks",
				);
				PRODUCT_BUNDLE_IDENTIFIER = com.OCTestProject.demo.GYKitDemo;
				PRODUCT_NAME = "$(TARGET_NAME)";
				TARGETED_DEVICE_FAMILY = 1;
			};
			name = Release;
		};
/* End XCBuildConfiguration section */

/* Begin XCConfigurationList section */
		245114CC2637B7EE0018ABA5 /* Build configuration list for PBXProject "GYKitDemo" */ = {
			isa = XCConfigurationList;
			buildConfigurations = (
				245114E82637B7EF0018ABA5 /* Debug */,
				245114E92637B7EF0018ABA5 /* Release */,
			);
			defaultConfigurationIsVisible = 0;
			defaultConfigurationName = Release;
		};
		245114EA2637B7EF0018ABA5 /* Build configuration list for PBXNativeTarget "GYKitDemo" */ = {
			isa = XCConfigurationList;
			buildConfigurations = (
				245114EB2637B7EF0018ABA5 /* Debug */,
				245114EC2637B7EF0018ABA5 /* Release */,
			);
			defaultConfigurationIsVisible = 0;
			defaultConfigurationName = Release;
		};
/* End XCConfigurationList section */
	};
	rootObject = 245114C92637B7EE0018ABA5 /* Project object */;
}
